
Microsoft Visual Studio Solution File, Format Version 12.00
# Visual Studio Version 16
VisualStudioVersion = 16.0.31410.357
MinimumVisualStudioVersion = 10.0.40219.1
Project("{FAE04EC0-301F-11D3-BF4B-00C04F79EFBC}") = "HPCInterview", "HPCInterview\HPCInterview.csproj", "{3E92C162-9AB3-4A62-B03F-FA7991D7E901}"
EndProject
Global
	GlobalSection(SolutionConfigurationPlatforms) = preSolution
		Debug|Any CPU = Debug|Any CPU
		Release|Any CPU = Release|Any CPU
	EndGlobalSection
	GlobalSection(ProjectConfigurationPlatforms) = postSolution
		{3E92C162-9AB3-4A62-B03F-FA7991D7E901}.Debug|Any CPU.ActiveCfg = Debug|Any CPU
		{3E92C162-9AB3-4A62-B03F-FA7991D7E901}.Debug|Any CPU.Build.0 = Debug|Any CPU
		{3E92C162-9AB3-4A62-B03F-FA7991D7E901}.Release|Any CPU.ActiveCfg = Release|Any CPU
		{3E92C162-9AB3-4A62-B03F-FA7991D7E901}.Release|Any CPU.Build.0 = Release|Any CPU
	EndGlobalSection
	GlobalSection(SolutionProperties) = preSolution
		HideSolutionNode = FALSE
	EndGlobalSection
	GlobalSection(ExtensibilityGlobals) = postSolution
		SolutionGuid = {F6E4734A-EBE8-4FDF-8B9D-5A65F82175D5}
	EndGlobalSection
EndGlobal
